{
  "nodes": {
    "nixpkgs": {
      "locked": {
        "lastModified": 1791585316,
        "narHash": "sha256-nbMHUf4n42QY5cr39hUMwTfe+7Rh/7fcWYxGFrlEsF0=",
        "owner": "nixos",
        "repo": "nixpkgs",
        "rev": "6a40ea287aa5884702571c407c82837349c59b7c",
        "type": "github"
      },
      "original": {
        "owner": "nixos",
        "ref": "release-26.05",
        "repo": "nixpkgs",
        "type": "github"
      }
    },
    "root": {
      "inputs": {
        "nixpkgs": "nixpkgs"
      }
    }
  },
  "root": "root",
  "version": 7
}
