{
  "nodes": {
    "nixpkgs": {
      "locked": {
        "lastModified": 1789064709,
        "narHash": "sha256-lcOiIiv9T+qhR5xZIPTO4u+g1BjyH6m/s0MJJzfqCfU=",
        "owner": "nixos",
        "repo": "nixpkgs",
        "rev": "d2f3c5624038b483f386f2f0138055305fea1042",
        "type": "github"
      },
      "original": {
        "owner": "nixos",
        "ref": "release-26.05",
        "repo": "nixpkgs",
        "type": "github"
      }
    },
    "root": {
      "inputs": {
        "nixpkgs": "nixpkgs"
      }
    }
  },
  "root": "root",
  "version": 7
}
